
Microsoft Visual Studio Solution File, Format Version 12.00
# Visual Studio Version 17
VisualStudioVersion = 17.11.35327.3
MinimumVisualStudioVersion = 10.0.40219.1
Project("{FAE04EC0-301F-11D3-BF4B-00C04F79EFBC}") = "TaskCase", "TaskCase\TaskCase.csproj", "{489D338B-342D-4938-8F13-7CA4772155D8}"
EndProject
Project("{FAE04EC0-301F-11D3-BF4B-00C04F79EFBC}") = "TaskCase.Application", "TaskCase.Application\TaskCase.Application.csproj", "{4EEFE2B0-BB32-4672-AD8C-6437E8025104}"
EndProject
Project("{FAE04EC0-301F-11D3-BF4B-00C04F79EFBC}") = "TaskCase.Domain", "TaskCase.Domain\TaskCase.Domain.csproj", "{0DFD585E-BAFF-4FFB-870F-814F3EA9E460}"
EndProject
Project("{FAE04EC0-301F-11D3-BF4B-00C04F79EFBC}") = "TaskCase.Persistence", "TaskCase.Persistence\TaskCase.Persistence.csproj", "{86DFE4C7-5253-4BB6-A3DA-1D42C639A21F}"
EndProject
Global
	GlobalSection(SolutionConfigurationPlatforms) = preSolution
		Debug|Any CPU = Debug|Any CPU
		Release|Any CPU = Release|Any CPU
	EndGlobalSection
	GlobalSection(ProjectConfigurationPlatforms) = postSolution
		{489D338B-342D-4938-8F13-7CA4772155D8}.Debug|Any CPU.ActiveCfg = Debug|Any CPU
		{489D338B-342D-4938-8F13-7CA4772155D8}.Debug|Any CPU.Build.0 = Debug|Any CPU
		{489D338B-342D-4938-8F13-7CA4772155D8}.Release|Any CPU.ActiveCfg = Release|Any CPU
		{489D338B-342D-4938-8F13-7CA4772155D8}.Release|Any CPU.Build.0 = Release|Any CPU
		{4EEFE2B0-BB32-4672-AD8C-6437E8025104}.Debug|Any CPU.ActiveCfg = Debug|Any CPU
		{4EEFE2B0-BB32-4672-AD8C-6437E8025104}.Debug|Any CPU.Build.0 = Debug|Any CPU
		{4EEFE2B0-BB32-4672-AD8C-6437E8025104}.Release|Any CPU.ActiveCfg = Release|Any CPU
		{4EEFE2B0-BB32-4672-AD8C-6437E8025104}.Release|Any CPU.Build.0 = Release|Any CPU
		{0DFD585E-BAFF-4FFB-870F-814F3EA9E460}.Debug|Any CPU.ActiveCfg = Debug|Any CPU
		{0DFD585E-BAFF-4FFB-870F-814F3EA9E460}.Debug|Any CPU.Build.0 = Debug|Any CPU
		{0DFD585E-BAFF-4FFB-870F-814F3EA9E460}.Release|Any CPU.ActiveCfg = Release|Any CPU
		{0DFD585E-BAFF-4FFB-870F-814F3EA9E460}.Release|Any CPU.Build.0 = Release|Any CPU
		{86DFE4C7-5253-4BB6-A3DA-1D42C639A21F}.Debug|Any CPU.ActiveCfg = Debug|Any CPU
		{86DFE4C7-5253-4BB6-A3DA-1D42C639A21F}.Debug|Any CPU.Build.0 = Debug|Any CPU
		{86DFE4C7-5253-4BB6-A3DA-1D42C639A21F}.Release|Any CPU.ActiveCfg = Release|Any CPU
		{86DFE4C7-5253-4BB6-A3DA-1D42C639A21F}.Release|Any CPU.Build.0 = Release|Any CPU
	EndGlobalSection
	GlobalSection(SolutionProperties) = preSolution
		HideSolutionNode = FALSE
	EndGlobalSection
	GlobalSection(ExtensibilityGlobals) = postSolution
		SolutionGuid = {185249B5-A170-472B-84C8-FBA1B70C5518}
	EndGlobalSection
EndGlobal
